// !$*UTF8*$!
{
	archiveVersion = 1;
	classes = {
	};
	objectVersion = 50;
	objects = {

/* Begin PBXBuildFile section */
		8C33DA5D24B8891F0097104D /* AppDelegate.swift in Sources */ = {isa = PBXBuildFile; fileRef = 8C33DA5C24B8891F0097104D /* AppDelegate.swift */; };
		8C33DA5F24B8891F0097104D /* SceneDelegate.swift in Sources */ = {isa = PBXBuildFile; fileRef = 8C33DA5E24B8891F0097104D /* SceneDelegate.swift */; };
		8C33DA6124B8891F0097104D /* ViewController.swift in Sources */ = {isa = PBXBuildFile; fileRef = 8C33DA6024B8891F0097104D /* ViewController.swift */; };
		8C33DA6424B8891F0097104D /* Main.storyboard in Resources */ = {isa = PBXBuildFile; fileRef = 8C33DA6224B8891F0097104D /* Main.storyboard */; };
		8C33DA6624B889230097104D /* Assets.xcassets in Resources */ = {isa = PBXBuildFile; fileRef = 8C33DA6524B889230097104D /* Assets.xcassets */; };
		8C33DA6924B889230097104D /* LaunchScreen.storyboard in Resources */ = {isa = PBXBuildFile; fileRef = 8C33DA6724B889230097104D /* LaunchScreen.storyboard */; };
		8C33EF9124B8BB820097104D /* MA in Resources */ = {isa = PBXBuildFile; fileRef = 8C33EF9024B8BB820097104D /* MA */; };
/* End PBXBuildFile section */

/* Begin PBXFileReference section */
		8C33DA5924B8891F0097104D /* BladiMap.app */ = {isa = PBXFileReference; explicitFileType = wrapper.application; includeInIndex = 0; path = BladiMap.app; sourceTree = BUILT_PRODUCTS_DIR; };
		8C33DA5C24B8891F0097104D /* AppDelegate.swift */ = {isa = PBXFileReference; lastKnownFileType = sourcecode.swift; path = AppDelegate.swift; sourceTree = "<group>"; };
		8C33DA5E24B8891F0097104D /* SceneDelegate.swift */ = {isa = PBXFileReference; lastKnownFileType = sourcecode.swift; path = SceneDelegate.swift; sourceTree = "<group>"; };
		8C33DA6024B8891F0097104D /* ViewController.swift */ = {isa = PBXFileReference; lastKnownFileType = sourcecode.swift; path = ViewController.swift; sourceTree = "<group>"; };
		8C33DA6324B8891F0097104D /* Base */ = {isa = PBXFileReference; lastKnownFileType = file.storyboard; name = Base; path = Base.lproj/Main.storyboard; sourceTree = "<group>"; };
		8C33DA6524B889230097104D /* Assets.xcassets */ = {isa = PBXFileReference; lastKnownFileType = folder.assetcatalog; path = Assets.xcassets; sourceTree = "<group>"; };
		8C33DA6824B889230097104D /* Base */ = {isa = PBXFileReference; lastKnownFileType = file.storyboard; name = Base; path = Base.lproj/LaunchScreen.storyboard; sourceTree = "<group>"; };
		8C33DA6A24B889230097104D /* Info.plist */ = {isa = PBXFileReference; lastKnownFileType = text.plist.xml; path = Info.plist; sourceTree = "<group>"; };
		8C33EF9024B8BB820097104D /* MA */ = {isa = PBXFileReference; lastKnownFileType = folder; path = MA; sourceTree = "<group>"; };
/* End PBXFileReference section */

/* Begin PBXFrameworksBuildPhase section */
		8C33DA5624B8891F0097104D /* Frameworks */ = {
			isa = PBXFrameworksBuildPhase;
			buildActionMask = 2147483647;
			files = (
			);
			runOnlyForDeploymentPostprocessing = 0;
		};
/* End PBXFrameworksBuildPhase section */

/* Begin PBXGroup section */
		8C33DA5024B8891F0097104D = {
			isa = PBXGroup;
			children = (
				8C33DA5B24B8891F0097104D /* BladiMap */,
				8C33DA5A24B8891F0097104D /* Products */,
			);
			sourceTree = "<group>";
		};
		8C33DA5A24B8891F0097104D /* Products */ = {
			isa = PBXGroup;
			children = (
				8C33DA5924B8891F0097104D /* BladiMap.app */,
			);
			name = Products;
			sourceTree = "<group>";
		};
		8C33DA5B24B8891F0097104D /* BladiMap */ = {
			isa = PBXGroup;
			children = (
				8C33EF9024B8BB820097104D /* MA */,
				8C33DA5C24B8891F0097104D /* AppDelegate.swift */,
				8C33DA5E24B8891F0097104D /* SceneDelegate.swift */,
				8C33DA6024B8891F0097104D /* ViewController.swift */,
				8C33DA6224B8891F0097104D /* Main.storyboard */,
				8C33DA6524B889230097104D /* Assets.xcassets */,
				8C33DA6724B889230097104D /* LaunchScreen.storyboard */,
				8C33DA6A24B889230097104D /* Info.plist */,
			);
			path = BladiMap;
			sourceTree = "<group>";
		};
/* End PBXGroup section */

/* Begin PBXNativeTarget section */
		8C33DA5824B8891F0097104D /* BladiMap */ = {
			isa = PBXNativeTarget;
			buildConfigurationList = 8C33DA6D24B889230097104D /* Build configuration list for PBXNativeTarget "BladiMap" */;
			buildPhases = (
				8C33DA5524B8891F0097104D /* Sources */,
				8C33DA5624B8891F0097104D /* Frameworks */,
				8C33DA5724B8891F0097104D /* Resources */,
			);
			buildRules = (
			);
			dependencies = (
			);
			name = BladiMap;
			productName = BladiMap;
			productReference = 8C33DA5924B8891F0097104D /* BladiMap.app */;
			productType = "com.apple.product-type.application";
		};
/* End PBXNativeTarget section */

/* Begin PBXProject section */
		8C33DA5124B8891F0097104D /* Project object */ = {
			isa = PBXProject;
			attributes = {
				LastSwiftUpdateCheck = 1140;
				LastUpgradeCheck = 1140;
				ORGANIZATIONNAME = "Abdel Ali";
				TargetAttributes = {
					8C33DA5824B8891F0097104D = {
						CreatedOnToolsVersion = 11.4.1;
					};
				};
			};
			buildConfigurationList = 8C33DA5424B8891F0097104D /* Build configuration list for PBXProject "BladiMap" */;
			compatibilityVersion = "Xcode 9.3";
			developmentRegion = en;
			hasScannedForEncodings = 0;
			knownRegions = (
				en,
				Base,
			);
			mainGroup = 8C33DA5024B8891F0097104D;
			productRefGroup = 8C33DA5A24B8891F0097104D /* Products */;
			projectDirPath = "";
			projectRoot = "";
			targets = (
				8C33DA5824B8891F0097104D /* BladiMap */,
			);
		};
/* End PBXProject section */

/* Begin PBXResourcesBuildPhase section */
		8C33DA5724B8891F0097104D /* Resources */ = {
			isa = PBXResourcesBuildPhase;
			buildActionMask = 2147483647;
			files = (
				8C33EF9124B8BB820097104D /* MA in Resources */,
				8C33DA6924B889230097104D /* LaunchScreen.storyboard in Resources */,
				8C33DA6624B889230097104D /* Assets.xcassets in Resources */,
				8C33DA6424B8891F0097104D /* Main.storyboard in Resources */,
			);
			runOnlyForDeploymentPostprocessing = 0;
		};
/* End PBXResourcesBuildPhase section */

/* Begin PBXSourcesBuildPhase section */
		8C33DA5524B8891F0097104D /* Sources */ = {
			isa = PBXSourcesBuildPhase;
			buildActionMask = 2147483647;
			files = (
				8C33DA6124B8891F0097104D /* ViewController.swift in Sources */,
				8C33DA5D24B8891F0097104D /* AppDelegate.swift in Sources */,
				8C33DA5F24B8891F0097104D /* SceneDelegate.swift in Sources */,
			);
			runOnlyForDeploymentPostprocessing = 0;
		};
/* End PBXSourcesBuildPhase section */

/* Begin PBXVariantGroup section */
		8C33DA6224B8891F0097104D /* Main.storyboard */ = {
			isa = PBXVariantGroup;
			children = (
				8C33DA6324B8891F0097104D /* Base */,
			);
			name = Main.storyboard;
			sourceTree = "<group>";
		};
		8C33DA6724B889230097104D /* LaunchScreen.storyboard */ = {
			isa = PBXVariantGroup;
			children = (
				8C33DA6824B889230097104D /* Base */,
			);
			name = LaunchScreen.storyboard;
			sourceTree = "<group>";
		};
/* End PBXVariantGroup section */

/* Begin XCBuildConfiguration section */
		8C33DA6B24B889230097104D /* Debug */ = {
			isa = XCBuildConfiguration;
			buildSettings = {
				ALWAYS_SEARCH_USER_PATHS = NO;
				CLANG_ANALYZER_NONNULL = YES;
				CLANG_ANALYZER_NUMBER_OBJECT_CONVERSION = YES_AGGRESSIVE;
				CLANG_CXX_LANGUAGE_STANDARD = "gnu++14";
				CLANG_CXX_LIBRARY = "libc++";
				CLANG_ENABLE_MODULES = YES;
				CLANG_ENABLE_OBJC_ARC = YES;
				CLANG_ENABLE_OBJC_WEAK = YES;
				CLANG_WARN_BLOCK_CAPTURE_AUTORELEASING = YES;
				CLANG_WARN_BOOL_CONVERSION = YES;
				CLANG_WARN_COMMA = YES;
				CLANG_WARN_CONSTANT_CONVERSION = YES;
				CLANG_WARN_DEPRECATED_OBJC_IMPLEMENTATIONS = YES;
				CLANG_WARN_DIRECT_OBJC_ISA_USAGE = YES_ERROR;
				CLANG_WARN_DOCUMENTATION_COMMENTS = YES;
				CLANG_WARN_EMPTY_BODY = YES;
				CLANG_WARN_ENUM_CONVERSION = YES;
				CLANG_WARN_INFINITE_RECURSION = YES;
				CLANG_WARN_INT_CONVERSION = YES;
				CLANG_WARN_NON_LITERAL_NULL_CONVERSION = YES;
				CLANG_WARN_OBJC_IMPLICIT_RETAIN_SELF = YES;
				CLANG_WARN_OBJC_LITERAL_CONVERSION = YES;
				CLANG_WARN_OBJC_ROOT_CLASS = YES_ERROR;
				CLANG_WARN_RANGE_LOOP_ANALYSIS = YES;
				CLANG_WARN_STRICT_PROTOTYPES = YES;
				CLANG_WARN_SUSPICIOUS_MOVE = YES;
				CLANG_WARN_UNGUARDED_AVAILABILITY = YES_AGGRESSIVE;
				CLANG_WARN_UNREACHABLE_CODE = YES;
				CLANG_WARN__DUPLICATE_METHOD_MATCH = YES;
				COPY_PHASE_STRIP = NO;
				DEBUG_INFORMATION_FORMAT = dwarf;
				ENABLE_STRICT_OBJC_MSGSEND = YES;
				ENABLE_TESTABILITY = YES;
				GCC_C_LANGUAGE_STANDARD = gnu11;
				GCC_DYNAMIC_NO_PIC = NO;
				GCC_NO_COMMON_BLOCKS = YES;
				GCC_OPTIMIZATION_LEVEL = 0;
				GCC_PREPROCESSOR_DEFINITIONS = (
					"DEBUG=1",
					"$(inherited)",
				);
				GCC_WARN_64_TO_32_BIT_CONVERSION = YES;
				GCC_WARN_ABOUT_RETURN_TYPE = YES_ERROR;
				GCC_WARN_UNDECLARED_SELECTOR = YES;
				GCC_WARN_UNINITIALIZED_AUTOS = YES_AGGRESSIVE;
				GCC_WARN_UNUSED_FUNCTION = YES;
				GCC_WARN_UNUSED_VARIABLE = YES;
				IPHONEOS_DEPLOYMENT_TARGET = 13.4;
				MTL_ENABLE_DEBUG_INFO = INCLUDE_SOURCE;
				MTL_FAST_MATH = YES;
				ONLY_ACTIVE_ARCH = YES;
				SDKROOT = iphoneos;
				SWIFT_ACTIVE_COMPILATION_CONDITIONS = DEBUG;
				SWIFT_OPTIMIZATION_LEVEL = "-Onone";
			};
			name = Debug;
		};
		8C33DA6C24B889230097104D /* Release */ = {
			isa = XCBuildConfiguration;
			buildSettings = {
				ALWAYS_SEARCH_USER_PATHS = NO;
				CLANG_ANALYZER_NONNULL = YES;
				CLANG_ANALYZER_NUMBER_OBJECT_CONVERSION = YES_AGGRESSIVE;
				CLANG_CXX_LANGUAGE_STANDARD = "gnu++14";
				CLANG_CXX_LIBRARY = "libc++";
				CLANG_ENABLE_MODULES = YES;
				CLANG_ENABLE_OBJC_ARC = YES;
				CLANG_ENABLE_OBJC_WEAK = YES;
				CLANG_WARN_BLOCK_CAPTURE_AUTORELEASING = YES;
				CLANG_WARN_BOOL_CONVERSION = YES;
				CLANG_WARN_COMMA = YES;
				CLANG_WARN_CONSTANT_CONVERSION = YES;
				CLANG_WARN_DEPRECATED_OBJC_IMPLEMENTATIONS = YES;
				CLANG_WARN_DIRECT_OBJC_ISA_USAGE = YES_ERROR;
				CLANG_WARN_DOCUMENTATION_COMMENTS = YES;
				CLANG_WARN_EMPTY_BODY = YES;
				CLANG_WARN_ENUM_CONVERSION = YES;
				CLANG_WARN_INFINITE_RECURSION = YES;
				CLANG_WARN_INT_CONVERSION = YES;
				CLANG_WARN_NON_LITERAL_NULL_CONVERSION = YES;
				CLANG_WARN_OBJC_IMPLICIT_RETAIN_SELF = YES;
				CLANG_WARN_OBJC_LITERAL_CONVERSION = YES;
				CLANG_WARN_OBJC_ROOT_CLASS = YES_ERROR;
				CLANG_WARN_RANGE_LOOP_ANALYSIS = YES;
				CLANG_WARN_STRICT_PROTOTYPES = YES;
				CLANG_WARN_SUSPICIOUS_MOVE = YES;
				CLANG_WARN_UNGUARDED_AVAILABILITY = YES_AGGRESSIVE;
				CLANG_WARN_UNREACHABLE_CODE = YES;
				CLANG_WARN__DUPLICATE_METHOD_MATCH = YES;
				COPY_PHASE_STRIP = NO;
				DEBUG_INFORMATION_FORMAT = "dwarf-with-dsym";
				ENABLE_NS_ASSERTIONS = NO;
				ENABLE_STRICT_OBJC_MSGSEND = YES;
				GCC_C_LANGUAGE_STANDARD = gnu11;
				GCC_NO_COMMON_BLOCKS = YES;
				GCC_WARN_64_TO_32_BIT_CONVERSION = YES;
				GCC_WARN_ABOUT_RETURN_TYPE = YES_ERROR;
				GCC_WARN_UNDECLARED_SELECTOR = YES;
				GCC_WARN_UNINITIALIZED_AUTOS = YES_AGGRESSIVE;
				GCC_WARN_UNUSED_FUNCTION = YES;
				GCC_WARN_UNUSED_VARIABLE = YES;
				IPHONEOS_DEPLOYMENT_TARGET = 13.4;
				MTL_ENABLE_DEBUG_INFO = NO;
				MTL_FAST_MATH = YES;
				SDKROOT = iphoneos;
				SWIFT_COMPILATION_MODE = wholemodule;
				SWIFT_OPTIMIZATION_LEVEL = "-O";
				VALIDATE_PRODUCT = YES;
			};
			name = Release;
		};
		8C33DA6E24B889230097104D /* Debug */ = {
			isa = XCBuildConfiguration;
			buildSettings = {
				ASSETCATALOG_COMPILER_APPICON_NAME = AppIcon;
				CODE_SIGN_STYLE = Automatic;
				INFOPLIST_FILE = BladiMap/Info.plist;
				LD_RUNPATH_SEARCH_PATHS = (
					"$(inherited)",
					"@executable_path/Frameworks",
				);
				PRODUCT_BUNDLE_IDENTIFIER = com.zaker.BladiMap;
				PRODUCT_NAME = "$(TARGET_NAME)";
				SWIFT_VERSION = 5.0;
				TARGETED_DEVICE_FAMILY = 1;
			};
			name = Debug;
		};
		8C33DA6F24B889230097104D /* Release */ = {
			isa = XCBuildConfiguration;
			buildSettings = {
				ASSETCATALOG_COMPILER_APPICON_NAME = AppIcon;
				CODE_SIGN_STYLE = Automatic;
				INFOPLIST_FILE = BladiMap/Info.plist;
				LD_RUNPATH_SEARCH_PATHS = (
					"$(inherited)",
					"@executable_path/Frameworks",
				);
				PRODUCT_BUNDLE_IDENTIFIER = com.zaker.BladiMap;
				PRODUCT_NAME = "$(TARGET_NAME)";
				SWIFT_VERSION = 5.0;
				TARGETED_DEVICE_FAMILY = 1;
			};
			name = Release;
		};
/* End XCBuildConfiguration section */

/* Begin XCConfigurationList section */
		8C33DA5424B8891F0097104D /* Build configuration list for PBXProject "BladiMap" */ = {
			isa = XCConfigurationList;
			buildConfigurations = (
				8C33DA6B24B889230097104D /* Debug */,
				8C33DA6C24B889230097104D /* Release */,
			);
			defaultConfigurationIsVisible = 0;
			defaultConfigurationName = Release;
		};
		8C33DA6D24B889230097104D /* Build configuration list for PBXNativeTarget "BladiMap" */ = {
			isa = XCConfigurationList;
			buildConfigurations = (
				8C33DA6E24B889230097104D /* Debug */,
				8C33DA6F24B889230097104D /* Release */,
			);
			defaultConfigurationIsVisible = 0;
			defaultConfigurationName = Release;
		};
/* End XCConfigurationList section */
	};
	rootObject = 8C33DA5124B8891F0097104D /* Project object */;
}
